
Microsoft Visual Studio Solution File, Format Version 12.00
# Visual Studio Version 17
VisualStudioVersion = 17.4.33205.214
MinimumVisualStudioVersion = 10.0.40219.1
Project("{FAE04EC0-301F-11D3-BF4B-00C04F79EFBC}") = "SampleEcommerce.Server", "SampleEcommerce\Server\SampleEcommerce.Server.csproj", "{31EA2F05-07F0-4B22-9A8D-32FE2EC0E357}"
EndProject
Project("{FAE04EC0-301F-11D3-BF4B-00C04F79EFBC}") = "SampleEcommerce.Client", "SampleEcommerce\Client\SampleEcommerce.Client.csproj", "{C4789667-0ED3-4A41-ACEB-625123C8A43E}"
EndProject
Project("{FAE04EC0-301F-11D3-BF4B-00C04F79EFBC}") = "SampleEcommerce.Shared", "SampleEcommerce\Shared\SampleEcommerce.Shared.csproj", "{3AE7465B-785D-4218-BCC8-DB2939770561}"
EndProject
Global
	GlobalSection(SolutionConfigurationPlatforms) = preSolution
		Debug|Any CPU = Debug|Any CPU
		Release|Any CPU = Release|Any CPU
	EndGlobalSection
	GlobalSection(ProjectConfigurationPlatforms) = postSolution
		{31EA2F05-07F0-4B22-9A8D-32FE2EC0E357}.Debug|Any CPU.ActiveCfg = Debug|Any CPU
		{31EA2F05-07F0-4B22-9A8D-32FE2EC0E357}.Debug|Any CPU.Build.0 = Debug|Any CPU
		{31EA2F05-07F0-4B22-9A8D-32FE2EC0E357}.Release|Any CPU.ActiveCfg = Release|Any CPU
		{31EA2F05-07F0-4B22-9A8D-32FE2EC0E357}.Release|Any CPU.Build.0 = Release|Any CPU
		{C4789667-0ED3-4A41-ACEB-625123C8A43E}.Debug|Any CPU.ActiveCfg = Debug|Any CPU
		{C4789667-0ED3-4A41-ACEB-625123C8A43E}.Debug|Any CPU.Build.0 = Debug|Any CPU
		{C4789667-0ED3-4A41-ACEB-625123C8A43E}.Release|Any CPU.ActiveCfg = Release|Any CPU
		{C4789667-0ED3-4A41-ACEB-625123C8A43E}.Release|Any CPU.Build.0 = Release|Any CPU
		{3AE7465B-785D-4218-BCC8-DB2939770561}.Debug|Any CPU.ActiveCfg = Debug|Any CPU
		{3AE7465B-785D-4218-BCC8-DB2939770561}.Debug|Any CPU.Build.0 = Debug|Any CPU
		{3AE7465B-785D-4218-BCC8-DB2939770561}.Release|Any CPU.ActiveCfg = Release|Any CPU
		{3AE7465B-785D-4218-BCC8-DB2939770561}.Release|Any CPU.Build.0 = Release|Any CPU
	EndGlobalSection
	GlobalSection(SolutionProperties) = preSolution
		HideSolutionNode = FALSE
	EndGlobalSection
	GlobalSection(ExtensibilityGlobals) = postSolution
		SolutionGuid = {FB733711-8194-4AD1-A40B-F6948CC2B063}
	EndGlobalSection
EndGlobal
